
Microsoft Visual Studio Solution File, Format Version 12.00
# Visual Studio Version 16
VisualStudioVersion = 16.0.30413.136
MinimumVisualStudioVersion = 10.0.40219.1
Project("{FAE04EC0-301F-11D3-BF4B-00C04F79EFBC}") = "KAU_Project", "KAU_Project\KAU_Project.csproj", "{119A2752-CBCC-4279-AF58-D6EBC87F9084}"
EndProject
Global
	GlobalSection(SolutionConfigurationPlatforms) = preSolution
		Debug|Any CPU = Debug|Any CPU
		Release|Any CPU = Release|Any CPU
	EndGlobalSection
	GlobalSection(ProjectConfigurationPlatforms) = postSolution
		{119A2752-CBCC-4279-AF58-D6EBC87F9084}.Debug|Any CPU.ActiveCfg = Debug|Any CPU
		{119A2752-CBCC-4279-AF58-D6EBC87F9084}.Debug|Any CPU.Build.0 = Debug|Any CPU
		{119A2752-CBCC-4279-AF58-D6EBC87F9084}.Release|Any CPU.ActiveCfg = Release|Any CPU
		{119A2752-CBCC-4279-AF58-D6EBC87F9084}.Release|Any CPU.Build.0 = Release|Any CPU
	EndGlobalSection
	GlobalSection(SolutionProperties) = preSolution
		HideSolutionNode = FALSE
	EndGlobalSection
	GlobalSection(ExtensibilityGlobals) = postSolution
		SolutionGuid = {38C9241B-8270-428C-963F-D57F0A28A73C}
	EndGlobalSection
EndGlobal
